
Microsoft Visual Studio Solution File, Format Version 12.00
# Visual Studio Version 16
VisualStudioVersion = 25.0.1706.4
MinimumVisualStudioVersion = 10.0.40219.1
Project("{FAE04EC0-301F-11D3-BF4B-00C04F79EFBC}") = "Ejercicio1", "Tema 3\Ejercicio1.csproj", "{7F0B9EB2-CB90-4ED9-8E1E-C6BC9A74E5EE}"
EndProject
Project("{FAE04EC0-301F-11D3-BF4B-00C04F79EFBC}") = "Ejercicio2", "Ejercicio2\Ejercicio2.csproj", "{A5303B11-9884-43F1-8606-D6867C03DC95}"
EndProject
Global
	GlobalSection(SolutionConfigurationPlatforms) = preSolution
		Debug|Any CPU = Debug|Any CPU
		Release|Any CPU = Release|Any CPU
	EndGlobalSection
	GlobalSection(ProjectConfigurationPlatforms) = postSolution
		{7F0B9EB2-CB90-4ED9-8E1E-C6BC9A74E5EE}.Debug|Any CPU.ActiveCfg = Debug|Any CPU
		{7F0B9EB2-CB90-4ED9-8E1E-C6BC9A74E5EE}.Debug|Any CPU.Build.0 = Debug|Any CPU
		{7F0B9EB2-CB90-4ED9-8E1E-C6BC9A74E5EE}.Release|Any CPU.ActiveCfg = Release|Any CPU
		{7F0B9EB2-CB90-4ED9-8E1E-C6BC9A74E5EE}.Release|Any CPU.Build.0 = Release|Any CPU
		{A5303B11-9884-43F1-8606-D6867C03DC95}.Debug|Any CPU.ActiveCfg = Debug|Any CPU
		{A5303B11-9884-43F1-8606-D6867C03DC95}.Debug|Any CPU.Build.0 = Debug|Any CPU
		{A5303B11-9884-43F1-8606-D6867C03DC95}.Release|Any CPU.ActiveCfg = Release|Any CPU
		{A5303B11-9884-43F1-8606-D6867C03DC95}.Release|Any CPU.Build.0 = Release|Any CPU
	EndGlobalSection
	GlobalSection(SolutionProperties) = preSolution
		HideSolutionNode = FALSE
	EndGlobalSection
	GlobalSection(ExtensibilityGlobals) = postSolution
		SolutionGuid = {026994B5-1F49-4FAB-89B2-2D3581ADD05E}
	EndGlobalSection
EndGlobal
