
Microsoft Visual Studio Solution File, Format Version 12.00
# Visual Studio Version 17
VisualStudioVersion = 17.7.34031.279
MinimumVisualStudioVersion = 10.0.40219.1
Project("{9A19103F-16F7-4668-BE54-9A1E7A4F7556}") = "Ej1 POO", "Ej1 POO.csproj", "{BAA8E6F3-74CE-46BE-B76D-49074BFC135F}"
EndProject
Global
	GlobalSection(SolutionConfigurationPlatforms) = preSolution
		Debug|Any CPU = Debug|Any CPU
		Release|Any CPU = Release|Any CPU
	EndGlobalSection
	GlobalSection(ProjectConfigurationPlatforms) = postSolution
		{BAA8E6F3-74CE-46BE-B76D-49074BFC135F}.Debug|Any CPU.ActiveCfg = Debug|Any CPU
		{BAA8E6F3-74CE-46BE-B76D-49074BFC135F}.Debug|Any CPU.Build.0 = Debug|Any CPU
		{BAA8E6F3-74CE-46BE-B76D-49074BFC135F}.Release|Any CPU.ActiveCfg = Release|Any CPU
		{BAA8E6F3-74CE-46BE-B76D-49074BFC135F}.Release|Any CPU.Build.0 = Release|Any CPU
	EndGlobalSection
	GlobalSection(SolutionProperties) = preSolution
		HideSolutionNode = FALSE
	EndGlobalSection
	GlobalSection(ExtensibilityGlobals) = postSolution
		SolutionGuid = {1DE9D10C-1127-433B-8FCF-2A7F78E35250}
	EndGlobalSection
EndGlobal
