
Microsoft Visual Studio Solution File, Format Version 12.00
# Visual Studio Version 17
VisualStudioVersion = 17.7.34031.279
MinimumVisualStudioVersion = 10.0.40219.1
Project("{FAE04EC0-301F-11D3-BF4B-00C04F79EFBC}") = "Ej 3", "Ej 3.csproj", "{A1FA1C20-FC69-49A3-8E27-E76A6DAD6947}"
EndProject
Project("{FAE04EC0-301F-11D3-BF4B-00C04F79EFBC}") = "Ej 4", "..\Ej 4\Ej 4.csproj", "{17C94994-6209-4938-9645-DE549BC745C0}"
EndProject
Project("{FAE04EC0-301F-11D3-BF4B-00C04F79EFBC}") = "Ej5", "..\Ej5\Ej5.csproj", "{A1E500E9-952A-4187-B850-E6487E9B0B9B}"
EndProject
Global
	GlobalSection(SolutionConfigurationPlatforms) = preSolution
		Debug|Any CPU = Debug|Any CPU
		Release|Any CPU = Release|Any CPU
	EndGlobalSection
	GlobalSection(ProjectConfigurationPlatforms) = postSolution
		{A1FA1C20-FC69-49A3-8E27-E76A6DAD6947}.Debug|Any CPU.ActiveCfg = Debug|Any CPU
		{A1FA1C20-FC69-49A3-8E27-E76A6DAD6947}.Debug|Any CPU.Build.0 = Debug|Any CPU
		{A1FA1C20-FC69-49A3-8E27-E76A6DAD6947}.Release|Any CPU.ActiveCfg = Release|Any CPU
		{A1FA1C20-FC69-49A3-8E27-E76A6DAD6947}.Release|Any CPU.Build.0 = Release|Any CPU
		{17C94994-6209-4938-9645-DE549BC745C0}.Debug|Any CPU.ActiveCfg = Debug|Any CPU
		{17C94994-6209-4938-9645-DE549BC745C0}.Debug|Any CPU.Build.0 = Debug|Any CPU
		{17C94994-6209-4938-9645-DE549BC745C0}.Release|Any CPU.ActiveCfg = Release|Any CPU
		{17C94994-6209-4938-9645-DE549BC745C0}.Release|Any CPU.Build.0 = Release|Any CPU
		{A1E500E9-952A-4187-B850-E6487E9B0B9B}.Debug|Any CPU.ActiveCfg = Debug|Any CPU
		{A1E500E9-952A-4187-B850-E6487E9B0B9B}.Debug|Any CPU.Build.0 = Debug|Any CPU
		{A1E500E9-952A-4187-B850-E6487E9B0B9B}.Release|Any CPU.ActiveCfg = Release|Any CPU
		{A1E500E9-952A-4187-B850-E6487E9B0B9B}.Release|Any CPU.Build.0 = Release|Any CPU
	EndGlobalSection
	GlobalSection(SolutionProperties) = preSolution
		HideSolutionNode = FALSE
	EndGlobalSection
	GlobalSection(ExtensibilityGlobals) = postSolution
		SolutionGuid = {1B3BB705-5BA5-4B8B-A4CC-A4791A8804E7}
	EndGlobalSection
EndGlobal
