
Microsoft Visual Studio Solution File, Format Version 12.00
# Visual Studio Version 17
VisualStudioVersion = 17.7.34031.279
MinimumVisualStudioVersion = 10.0.40219.1
Project("{FAE04EC0-301F-11D3-BF4B-00C04F79EFBC}") = "Ej2", "Ej2.csproj", "{9A7243FC-0321-4A13-8382-A72CE2D28B73}"
EndProject
Global
	GlobalSection(SolutionConfigurationPlatforms) = preSolution
		Debug|Any CPU = Debug|Any CPU
		Release|Any CPU = Release|Any CPU
	EndGlobalSection
	GlobalSection(ProjectConfigurationPlatforms) = postSolution
		{9A7243FC-0321-4A13-8382-A72CE2D28B73}.Debug|Any CPU.ActiveCfg = Debug|Any CPU
		{9A7243FC-0321-4A13-8382-A72CE2D28B73}.Debug|Any CPU.Build.0 = Debug|Any CPU
		{9A7243FC-0321-4A13-8382-A72CE2D28B73}.Release|Any CPU.ActiveCfg = Release|Any CPU
		{9A7243FC-0321-4A13-8382-A72CE2D28B73}.Release|Any CPU.Build.0 = Release|Any CPU
	EndGlobalSection
	GlobalSection(SolutionProperties) = preSolution
		HideSolutionNode = FALSE
	EndGlobalSection
	GlobalSection(ExtensibilityGlobals) = postSolution
		SolutionGuid = {9A13FE89-D4C8-421F-AC9F-D39D0750326E}
	EndGlobalSection
EndGlobal
